
Microsoft Visual Studio Solution File, Format Version 12.00
# Visual Studio Version 16
VisualStudioVersion = 16.0.30711.63
MinimumVisualStudioVersion = 10.0.40219.1
Project("{FAE04EC0-301F-11D3-BF4B-00C04F79EFBC}") = "ASP.NET Core", "ASP.NET Core\ASP.NET Core.csproj", "{ECC00153-2DE8-4142-98BA-856E1923461F}"
EndProject
Global
	GlobalSection(SolutionConfigurationPlatforms) = preSolution
		Debug|Any CPU = Debug|Any CPU
		Release|Any CPU = Release|Any CPU
	EndGlobalSection
	GlobalSection(ProjectConfigurationPlatforms) = postSolution
		{ECC00153-2DE8-4142-98BA-856E1923461F}.Debug|Any CPU.ActiveCfg = Debug|Any CPU
		{ECC00153-2DE8-4142-98BA-856E1923461F}.Debug|Any CPU.Build.0 = Debug|Any CPU
		{ECC00153-2DE8-4142-98BA-856E1923461F}.Release|Any CPU.ActiveCfg = Release|Any CPU
		{ECC00153-2DE8-4142-98BA-856E1923461F}.Release|Any CPU.Build.0 = Release|Any CPU
	EndGlobalSection
	GlobalSection(SolutionProperties) = preSolution
		HideSolutionNode = FALSE
	EndGlobalSection
	GlobalSection(ExtensibilityGlobals) = postSolution
		SolutionGuid = {7BF8F97A-5DCD-478C-B965-BFAE3EAAE120}
	EndGlobalSection
EndGlobal
